
Microsoft Visual Studio Solution File, Format Version 12.00
# Visual Studio Version 16
VisualStudioVersion = 16.0.30225.117
MinimumVisualStudioVersion = 10.0.40219.1
Project("{9A19103F-16F7-4668-BE54-9A1E7A4F7556}") = "PlannerApp.Client", "PlannerApp.Client\PlannerApp.Client.csproj", "{3DEF19A9-28AA-40AC-B7F9-EFCEFA7A0864}"
EndProject
Project("{9A19103F-16F7-4668-BE54-9A1E7A4F7556}") = "PlannerApp.Shared", "PlannerApp.Shared\PlannerApp.Shared.csproj", "{4229803B-8D9C-4A10-952B-9B4B3EFA55CD}"
EndProject
Global
	GlobalSection(SolutionConfigurationPlatforms) = preSolution
		Debug|Any CPU = Debug|Any CPU
		Release|Any CPU = Release|Any CPU
	EndGlobalSection
	GlobalSection(ProjectConfigurationPlatforms) = postSolution
		{3DEF19A9-28AA-40AC-B7F9-EFCEFA7A0864}.Debug|Any CPU.ActiveCfg = Debug|Any CPU
		{3DEF19A9-28AA-40AC-B7F9-EFCEFA7A0864}.Debug|Any CPU.Build.0 = Debug|Any CPU
		{3DEF19A9-28AA-40AC-B7F9-EFCEFA7A0864}.Release|Any CPU.ActiveCfg = Release|Any CPU
		{3DEF19A9-28AA-40AC-B7F9-EFCEFA7A0864}.Release|Any CPU.Build.0 = Release|Any CPU
		{4229803B-8D9C-4A10-952B-9B4B3EFA55CD}.Debug|Any CPU.ActiveCfg = Debug|Any CPU
		{4229803B-8D9C-4A10-952B-9B4B3EFA55CD}.Debug|Any CPU.Build.0 = Debug|Any CPU
		{4229803B-8D9C-4A10-952B-9B4B3EFA55CD}.Release|Any CPU.ActiveCfg = Release|Any CPU
		{4229803B-8D9C-4A10-952B-9B4B3EFA55CD}.Release|Any CPU.Build.0 = Release|Any CPU
	EndGlobalSection
	GlobalSection(SolutionProperties) = preSolution
		HideSolutionNode = FALSE
	EndGlobalSection
	GlobalSection(ExtensibilityGlobals) = postSolution
		SolutionGuid = {7C2122D9-39DE-4C1D-9178-39D161BB7D6F}
	EndGlobalSection
EndGlobal
